// !$*UTF8*$!
{
	archiveVersion = 1;
	classes = {
	};
	objectVersion = 46;
	objects = {

/* Begin PBXBuildFile section */
		0901414B1A37FF7900435455 /* PanGestureRecognizer.m in Sources */ = {isa = PBXBuildFile; fileRef = 0901414A1A37FF7900435455 /* PanGestureRecognizer.m */; };
		0923646B1A59D90F009BC8B4 /* CardContentView.xib in Resources */ = {isa = PBXBuildFile; fileRef = 0923646A1A59D90F009BC8B4 /* CardContentView.xib */; };
		092F0F341A05B474007CDDCC /* main.m in Sources */ = {isa = PBXBuildFile; fileRef = 092F0F331A05B474007CDDCC /* main.m */; };
		092F0F371A05B474007CDDCC /* AppDelegate.m in Sources */ = {isa = PBXBuildFile; fileRef = 092F0F361A05B474007CDDCC /* AppDelegate.m */; };
		092F0F3A1A05B474007CDDCC /* ZLSwipeableViewController.m in Sources */ = {isa = PBXBuildFile; fileRef = 092F0F391A05B474007CDDCC /* ZLSwipeableViewController.m */; };
		092F0F3D1A05B474007CDDCC /* Main.storyboard in Resources */ = {isa = PBXBuildFile; fileRef = 092F0F3B1A05B474007CDDCC /* Main.storyboard */; };
		092F0F3F1A05B474007CDDCC /* Images.xcassets in Resources */ = {isa = PBXBuildFile; fileRef = 092F0F3E1A05B474007CDDCC /* Images.xcassets */; };
		092F0F421A05B474007CDDCC /* LaunchScreen.xib in Resources */ = {isa = PBXBuildFile; fileRef = 092F0F401A05B474007CDDCC /* LaunchScreen.xib */; };
		092F0F4E1A05B474007CDDCC /* ZLSwipeableViewDemoTests.m in Sources */ = {isa = PBXBuildFile; fileRef = 092F0F4D1A05B474007CDDCC /* ZLSwipeableViewDemoTests.m */; };
		092F0F661A05C9CA007CDDCC /* UIColor+FlatColors.m in Sources */ = {isa = PBXBuildFile; fileRef = 092F0F651A05C9CA007CDDCC /* UIColor+FlatColors.m */; };
		092F0F691A05DAF9007CDDCC /* CardView.m in Sources */ = {isa = PBXBuildFile; fileRef = 092F0F681A05DAF8007CDDCC /* CardView.m */; };
		093ED7281BDEC5580028D0BC /* CustomAnimationDemoViewController.m in Sources */ = {isa = PBXBuildFile; fileRef = 093ED7271BDEC5580028D0BC /* CustomAnimationDemoViewController.m */; settings = {ASSET_TAGS = (); }; };
		093ED72B1BDEC56E0028D0BC /* AllowedDirectionDemoViewController.m in Sources */ = {isa = PBXBuildFile; fileRef = 093ED72A1BDEC56E0028D0BC /* AllowedDirectionDemoViewController.m */; settings = {ASSET_TAGS = (); }; };
		093ED72E1BDEC58D0028D0BC /* HistoryDemoViewController.m in Sources */ = {isa = PBXBuildFile; fileRef = 093ED72D1BDEC58D0028D0BC /* HistoryDemoViewController.m */; settings = {ASSET_TAGS = (); }; };
		093ED7311BDEC64F0028D0BC /* PreviousViewDemoViewController.m in Sources */ = {isa = PBXBuildFile; fileRef = 093ED7301BDEC64F0028D0BC /* PreviousViewDemoViewController.m */; settings = {ASSET_TAGS = (); }; };
		093ED7341BDEC65F0028D0BC /* AlwaysSwipeDemoViewController.m in Sources */ = {isa = PBXBuildFile; fileRef = 093ED7331BDEC65F0028D0BC /* AlwaysSwipeDemoViewController.m */; settings = {ASSET_TAGS = (); }; };
		0971D4611A08425E00325B8D /* ZLSwipeableView.m in Sources */ = {isa = PBXBuildFile; fileRef = 0971D45F1A08425E00325B8D /* ZLSwipeableView.m */; };
		099CF6441BDD35B000D05FAA /* ViewManager.m in Sources */ = {isa = PBXBuildFile; fileRef = 099CF6431BDD35B000D05FAA /* ViewManager.m */; settings = {ASSET_TAGS = (); }; };
		09A35C1F1BDDDA4900F39193 /* Scheduler.m in Sources */ = {isa = PBXBuildFile; fileRef = 09A35C1E1BDDDA4900F39193 /* Scheduler.m */; settings = {ASSET_TAGS = (); }; };
		09A35C251BDDDDF800F39193 /* ZLSwipeableViewMovement.m in Sources */ = {isa = PBXBuildFile; fileRef = 09A35C241BDDDDF800F39193 /* ZLSwipeableViewMovement.m */; settings = {ASSET_TAGS = (); }; };
		09A35C281BDDE6B300F39193 /* DefaultViewAnimator.m in Sources */ = {isa = PBXBuildFile; fileRef = 09A35C271BDDE6B300F39193 /* DefaultViewAnimator.m */; settings = {ASSET_TAGS = (); }; };
		09A35C2B1BDDE70D00F39193 /* DefaultDirectionInterpretor.m in Sources */ = {isa = PBXBuildFile; fileRef = 09A35C2A1BDDE70D00F39193 /* DefaultDirectionInterpretor.m */; settings = {ASSET_TAGS = (); }; };
		09A35C2E1BDDE71F00F39193 /* DefaultShouldSwipeDeterminator.m in Sources */ = {isa = PBXBuildFile; fileRef = 09A35C2D1BDDE71F00F39193 /* DefaultShouldSwipeDeterminator.m */; settings = {ASSET_TAGS = (); }; };
		09A35C311BDDE74500F39193 /* Utils.m in Sources */ = {isa = PBXBuildFile; fileRef = 09A35C301BDDE74500F39193 /* Utils.m */; settings = {ASSET_TAGS = (); }; };
		09C2FF811BDE953F00339692 /* ZLSwipeableViewSwipeOptions.m in Sources */ = {isa = PBXBuildFile; fileRef = 09C2FF801BDE953F00339692 /* ZLSwipeableViewSwipeOptions.m */; settings = {ASSET_TAGS = (); }; };
		09C2FF841BDEAEA400339692 /* MenuTableViewController.m in Sources */ = {isa = PBXBuildFile; fileRef = 09C2FF831BDEAEA400339692 /* MenuTableViewController.m */; settings = {ASSET_TAGS = (); }; };
/* End PBXBuildFile section */

/* Begin PBXContainerItemProxy section */
		092F0F481A05B474007CDDCC /* PBXContainerItemProxy */ = {
			isa = PBXContainerItemProxy;
			containerPortal = 092F0F261A05B474007CDDCC /* Project object */;
			proxyType = 1;
			remoteGlobalIDString = 092F0F2D1A05B474007CDDCC;
			remoteInfo = ZLSwipeableViewDemo;
		};
/* End PBXContainerItemProxy section */

/* Begin PBXFileReference section */
		090141491A37FF7900435455 /* PanGestureRecognizer.h */ = {isa = PBXFileReference; fileEncoding = 4; lastKnownFileType = sourcecode.c.h; path = PanGestureRecognizer.h; sourceTree = "<group>"; };
		0901414A1A37FF7900435455 /* PanGestureRecognizer.m */ = {isa = PBXFileReference; fileEncoding = 4; lastKnownFileType = sourcecode.c.objc; path = PanGestureRecognizer.m; sourceTree = "<group>"; };
		0923646A1A59D90F009BC8B4 /* CardContentView.xib */ = {isa = PBXFileReference; fileEncoding = 4; lastKnownFileType = file.xib; path = CardContentView.xib; sourceTree = "<group>"; };
		092F0F2E1A05B474007CDDCC /* ZLSwipeableViewDemo.app */ = {isa = PBXFileReference; explicitFileType = wrapper.application; includeInIndex = 0; path = ZLSwipeableViewDemo.app; sourceTree = BUILT_PRODUCTS_DIR; };
		092F0F321A05B474007CDDCC /* Info.plist */ = {isa = PBXFileReference; lastKnownFileType = text.plist.xml; path = Info.plist; sourceTree = "<group>"; };
		092F0F331A05B474007CDDCC /* main.m */ = {isa = PBXFileReference; lastKnownFileType = sourcecode.c.objc; path = main.m; sourceTree = "<group>"; };
		092F0F351A05B474007CDDCC /* AppDelegate.h */ = {isa = PBXFileReference; lastKnownFileType = sourcecode.c.h; path = AppDelegate.h; sourceTree = "<group>"; };
		092F0F361A05B474007CDDCC /* AppDelegate.m */ = {isa = PBXFileReference; lastKnownFileType = sourcecode.c.objc; path = AppDelegate.m; sourceTree = "<group>"; };
		092F0F381A05B474007CDDCC /* ZLSwipeableViewController.h */ = {isa = PBXFileReference; lastKnownFileType = sourcecode.c.h; path = ZLSwipeableViewController.h; sourceTree = "<group>"; };
		092F0F391A05B474007CDDCC /* ZLSwipeableViewController.m */ = {isa = PBXFileReference; lastKnownFileType = sourcecode.c.objc; path = ZLSwipeableViewController.m; sourceTree = "<group>"; };
		092F0F3C1A05B474007CDDCC /* Base */ = {isa = PBXFileReference; lastKnownFileType = file.storyboard; name = Base; path = Base.lproj/Main.storyboard; sourceTree = "<group>"; };
		092F0F3E1A05B474007CDDCC /* Images.xcassets */ = {isa = PBXFileReference; lastKnownFileType = folder.assetcatalog; path = Images.xcassets; sourceTree = "<group>"; };
		092F0F411A05B474007CDDCC /* Base */ = {isa = PBXFileReference; lastKnownFileType = file.xib; name = Base; path = Base.lproj/LaunchScreen.xib; sourceTree = "<group>"; };
		092F0F471A05B474007CDDCC /* ZLSwipeableViewDemoTests.xctest */ = {isa = PBXFileReference; explicitFileType = wrapper.cfbundle; includeInIndex = 0; path = ZLSwipeableViewDemoTests.xctest; sourceTree = BUILT_PRODUCTS_DIR; };
		092F0F4C1A05B474007CDDCC /* Info.plist */ = {isa = PBXFileReference; lastKnownFileType = text.plist.xml; path = Info.plist; sourceTree = "<group>"; };
		092F0F4D1A05B474007CDDCC /* ZLSwipeableViewDemoTests.m */ = {isa = PBXFileReference; lastKnownFileType = sourcecode.c.objc; path = ZLSwipeableViewDemoTests.m; sourceTree = "<group>"; };
		092F0F641A05C9CA007CDDCC /* UIColor+FlatColors.h */ = {isa = PBXFileReference; fileEncoding = 4; lastKnownFileType = sourcecode.c.h; path = "UIColor+FlatColors.h"; sourceTree = "<group>"; };
		092F0F651A05C9CA007CDDCC /* UIColor+FlatColors.m */ = {isa = PBXFileReference; fileEncoding = 4; lastKnownFileType = sourcecode.c.objc; path = "UIColor+FlatColors.m"; sourceTree = "<group>"; };
		092F0F671A05DAF8007CDDCC /* CardView.h */ = {isa = PBXFileReference; fileEncoding = 4; lastKnownFileType = sourcecode.c.h; path = CardView.h; sourceTree = "<group>"; };
		092F0F681A05DAF8007CDDCC /* CardView.m */ = {isa = PBXFileReference; fileEncoding = 4; lastKnownFileType = sourcecode.c.objc; path = CardView.m; sourceTree = "<group>"; };
		093ED7261BDEC5580028D0BC /* CustomAnimationDemoViewController.h */ = {isa = PBXFileReference; fileEncoding = 4; lastKnownFileType = sourcecode.c.h; path = CustomAnimationDemoViewController.h; sourceTree = "<group>"; };
		093ED7271BDEC5580028D0BC /* CustomAnimationDemoViewController.m */ = {isa = PBXFileReference; fileEncoding = 4; lastKnownFileType = sourcecode.c.objc; path = CustomAnimationDemoViewController.m; sourceTree = "<group>"; };
		093ED7291BDEC56E0028D0BC /* AllowedDirectionDemoViewController.h */ = {isa = PBXFileReference; fileEncoding = 4; lastKnownFileType = sourcecode.c.h; path = AllowedDirectionDemoViewController.h; sourceTree = "<group>"; };
		093ED72A1BDEC56E0028D0BC /* AllowedDirectionDemoViewController.m */ = {isa = PBXFileReference; fileEncoding = 4; lastKnownFileType = sourcecode.c.objc; path = AllowedDirectionDemoViewController.m; sourceTree = "<group>"; };
		093ED72C1BDEC58D0028D0BC /* HistoryDemoViewController.h */ = {isa = PBXFileReference; fileEncoding = 4; lastKnownFileType = sourcecode.c.h; path = HistoryDemoViewController.h; sourceTree = "<group>"; };
		093ED72D1BDEC58D0028D0BC /* HistoryDemoViewController.m */ = {isa = PBXFileReference; fileEncoding = 4; lastKnownFileType = sourcecode.c.objc; path = HistoryDemoViewController.m; sourceTree = "<group>"; };
		093ED72F1BDEC64F0028D0BC /* PreviousViewDemoViewController.h */ = {isa = PBXFileReference; fileEncoding = 4; lastKnownFileType = sourcecode.c.h; path = PreviousViewDemoViewController.h; sourceTree = "<group>"; };
		093ED7301BDEC64F0028D0BC /* PreviousViewDemoViewController.m */ = {isa = PBXFileReference; fileEncoding = 4; lastKnownFileType = sourcecode.c.objc; path = PreviousViewDemoViewController.m; sourceTree = "<group>"; };
		093ED7321BDEC65F0028D0BC /* AlwaysSwipeDemoViewController.h */ = {isa = PBXFileReference; fileEncoding = 4; lastKnownFileType = sourcecode.c.h; path = AlwaysSwipeDemoViewController.h; sourceTree = "<group>"; };
		093ED7331BDEC65F0028D0BC /* AlwaysSwipeDemoViewController.m */ = {isa = PBXFileReference; fileEncoding = 4; lastKnownFileType = sourcecode.c.objc; path = AlwaysSwipeDemoViewController.m; sourceTree = "<group>"; };
		0971D45E1A08425E00325B8D /* ZLSwipeableView.h */ = {isa = PBXFileReference; fileEncoding = 4; lastKnownFileType = sourcecode.c.h; path = ZLSwipeableView.h; sourceTree = "<group>"; };
		0971D45F1A08425E00325B8D /* ZLSwipeableView.m */ = {isa = PBXFileReference; fileEncoding = 4; lastKnownFileType = sourcecode.c.objc; path = ZLSwipeableView.m; sourceTree = "<group>"; };
		099CF6421BDD35B000D05FAA /* ViewManager.h */ = {isa = PBXFileReference; fileEncoding = 4; lastKnownFileType = sourcecode.c.h; path = ViewManager.h; sourceTree = "<group>"; };
		099CF6431BDD35B000D05FAA /* ViewManager.m */ = {isa = PBXFileReference; fileEncoding = 4; lastKnownFileType = sourcecode.c.objc; path = ViewManager.m; sourceTree = "<group>"; };
		09A35C1D1BDDDA4900F39193 /* Scheduler.h */ = {isa = PBXFileReference; fileEncoding = 4; lastKnownFileType = sourcecode.c.h; path = Scheduler.h; sourceTree = "<group>"; };
		09A35C1E1BDDDA4900F39193 /* Scheduler.m */ = {isa = PBXFileReference; fileEncoding = 4; lastKnownFileType = sourcecode.c.objc; path = Scheduler.m; sourceTree = "<group>"; };
		09A35C231BDDDDF800F39193 /* ZLSwipeableViewMovement.h */ = {isa = PBXFileReference; fileEncoding = 4; lastKnownFileType = sourcecode.c.h; path = ZLSwipeableViewMovement.h; sourceTree = "<group>"; };
		09A35C241BDDDDF800F39193 /* ZLSwipeableViewMovement.m */ = {isa = PBXFileReference; fileEncoding = 4; lastKnownFileType = sourcecode.c.objc; path = ZLSwipeableViewMovement.m; sourceTree = "<group>"; };
		09A35C261BDDE6B300F39193 /* DefaultViewAnimator.h */ = {isa = PBXFileReference; fileEncoding = 4; lastKnownFileType = sourcecode.c.h; path = DefaultViewAnimator.h; sourceTree = "<group>"; };
		09A35C271BDDE6B300F39193 /* DefaultViewAnimator.m */ = {isa = PBXFileReference; fileEncoding = 4; lastKnownFileType = sourcecode.c.objc; path = DefaultViewAnimator.m; sourceTree = "<group>"; };
		09A35C291BDDE70D00F39193 /* DefaultDirectionInterpretor.h */ = {isa = PBXFileReference; fileEncoding = 4; lastKnownFileType = sourcecode.c.h; path = DefaultDirectionInterpretor.h; sourceTree = "<group>"; };
		09A35C2A1BDDE70D00F39193 /* DefaultDirectionInterpretor.m */ = {isa = PBXFileReference; fileEncoding = 4; lastKnownFileType = sourcecode.c.objc; path = DefaultDirectionInterpretor.m; sourceTree = "<group>"; };
		09A35C2C1BDDE71F00F39193 /* DefaultShouldSwipeDeterminator.h */ = {isa = PBXFileReference; fileEncoding = 4; lastKnownFileType = sourcecode.c.h; path = DefaultShouldSwipeDeterminator.h; sourceTree = "<group>"; };
		09A35C2D1BDDE71F00F39193 /* DefaultShouldSwipeDeterminator.m */ = {isa = PBXFileReference; fileEncoding = 4; lastKnownFileType = sourcecode.c.objc; path = DefaultShouldSwipeDeterminator.m; sourceTree = "<group>"; };
		09A35C2F1BDDE74500F39193 /* Utils.h */ = {isa = PBXFileReference; fileEncoding = 4; lastKnownFileType = sourcecode.c.h; path = Utils.h; sourceTree = "<group>"; };
		09A35C301BDDE74500F39193 /* Utils.m */ = {isa = PBXFileReference; fileEncoding = 4; lastKnownFileType = sourcecode.c.objc; path = Utils.m; sourceTree = "<group>"; };
		09C2FF7F1BDE953F00339692 /* ZLSwipeableViewSwipeOptions.h */ = {isa = PBXFileReference; fileEncoding = 4; lastKnownFileType = sourcecode.c.h; path = ZLSwipeableViewSwipeOptions.h; sourceTree = "<group>"; };
		09C2FF801BDE953F00339692 /* ZLSwipeableViewSwipeOptions.m */ = {isa = PBXFileReference; fileEncoding = 4; lastKnownFileType = sourcecode.c.objc; path = ZLSwipeableViewSwipeOptions.m; sourceTree = "<group>"; };
		09C2FF821BDEAEA400339692 /* MenuTableViewController.h */ = {isa = PBXFileReference; fileEncoding = 4; lastKnownFileType = sourcecode.c.h; path = MenuTableViewController.h; sourceTree = "<group>"; };
		09C2FF831BDEAEA400339692 /* MenuTableViewController.m */ = {isa = PBXFileReference; fileEncoding = 4; lastKnownFileType = sourcecode.c.objc; path = MenuTableViewController.m; sourceTree = "<group>"; };
/* End PBXFileReference section */

/* Begin PBXFrameworksBuildPhase section */
		092F0F2B1A05B474007CDDCC /* Frameworks */ = {
			isa = PBXFrameworksBuildPhase;
			buildActionMask = 2147483647;
			files = (
			);
			runOnlyForDeploymentPostprocessing = 0;
		};
		092F0F441A05B474007CDDCC /* Frameworks */ = {
			isa = PBXFrameworksBuildPhase;
			buildActionMask = 2147483647;
			files = (
			);
			runOnlyForDeploymentPostprocessing = 0;
		};
/* End PBXFrameworksBuildPhase section */

/* Begin PBXGroup section */
		092F0F251A05B474007CDDCC = {
			isa = PBXGroup;
			children = (
				092F0F301A05B474007CDDCC /* ZLSwipeableViewDemo */,
				092F0F4A1A05B474007CDDCC /* ZLSwipeableViewDemoTests */,
				092F0F2F1A05B474007CDDCC /* Products */,
			);
			sourceTree = "<group>";
		};
		092F0F2F1A05B474007CDDCC /* Products */ = {
			isa = PBXGroup;
			children = (
				092F0F2E1A05B474007CDDCC /* ZLSwipeableViewDemo.app */,
				092F0F471A05B474007CDDCC /* ZLSwipeableViewDemoTests.xctest */,
			);
			name = Products;
			sourceTree = "<group>";
		};
		092F0F301A05B474007CDDCC /* ZLSwipeableViewDemo */ = {
			isa = PBXGroup;
			children = (
				092F0F631A05C9CA007CDDCC /* UIColor+FlatColors */,
				0971D45B1A08425E00325B8D /* ZLSwipeableView */,
				092F0F351A05B474007CDDCC /* AppDelegate.h */,
				092F0F361A05B474007CDDCC /* AppDelegate.m */,
				09C2FF821BDEAEA400339692 /* MenuTableViewController.h */,
				09C2FF831BDEAEA400339692 /* MenuTableViewController.m */,
				092F0F381A05B474007CDDCC /* ZLSwipeableViewController.h */,
				092F0F391A05B474007CDDCC /* ZLSwipeableViewController.m */,
				093ED7261BDEC5580028D0BC /* CustomAnimationDemoViewController.h */,
				093ED7271BDEC5580028D0BC /* CustomAnimationDemoViewController.m */,
				093ED7291BDEC56E0028D0BC /* AllowedDirectionDemoViewController.h */,
				093ED72A1BDEC56E0028D0BC /* AllowedDirectionDemoViewController.m */,
				093ED72C1BDEC58D0028D0BC /* HistoryDemoViewController.h */,
				093ED72D1BDEC58D0028D0BC /* HistoryDemoViewController.m */,
				093ED72F1BDEC64F0028D0BC /* PreviousViewDemoViewController.h */,
				093ED7301BDEC64F0028D0BC /* PreviousViewDemoViewController.m */,
				093ED7321BDEC65F0028D0BC /* AlwaysSwipeDemoViewController.h */,
				093ED7331BDEC65F0028D0BC /* AlwaysSwipeDemoViewController.m */,
				092F0F671A05DAF8007CDDCC /* CardView.h */,
				092F0F681A05DAF8007CDDCC /* CardView.m */,
				0923646A1A59D90F009BC8B4 /* CardContentView.xib */,
				092F0F3B1A05B474007CDDCC /* Main.storyboard */,
				092F0F3E1A05B474007CDDCC /* Images.xcassets */,
				092F0F401A05B474007CDDCC /* LaunchScreen.xib */,
				092F0F311A05B474007CDDCC /* Supporting Files */,
			);
			path = ZLSwipeableViewDemo;
			sourceTree = "<group>";
		};
		092F0F311A05B474007CDDCC /* Supporting Files */ = {
			isa = PBXGroup;
			children = (
				092F0F321A05B474007CDDCC /* Info.plist */,
				092F0F331A05B474007CDDCC /* main.m */,
			);
			name = "Supporting Files";
			sourceTree = "<group>";
		};
		092F0F4A1A05B474007CDDCC /* ZLSwipeableViewDemoTests */ = {
			isa = PBXGroup;
			children = (
				092F0F4D1A05B474007CDDCC /* ZLSwipeableViewDemoTests.m */,
				092F0F4B1A05B474007CDDCC /* Supporting Files */,
			);
			path = ZLSwipeableViewDemoTests;
			sourceTree = "<group>";
		};
		092F0F4B1A05B474007CDDCC /* Supporting Files */ = {
			isa = PBXGroup;
			children = (
				092F0F4C1A05B474007CDDCC /* Info.plist */,
			);
			name = "Supporting Files";
			sourceTree = "<group>";
		};
		092F0F631A05C9CA007CDDCC /* UIColor+FlatColors */ = {
			isa = PBXGroup;
			children = (
				092F0F641A05C9CA007CDDCC /* UIColor+FlatColors.h */,
				092F0F651A05C9CA007CDDCC /* UIColor+FlatColors.m */,
			);
			path = "UIColor+FlatColors";
			sourceTree = "<group>";
		};
		0971D45B1A08425E00325B8D /* ZLSwipeableView */ = {
			isa = PBXGroup;
			children = (
				0971D45E1A08425E00325B8D /* ZLSwipeableView.h */,
				0971D45F1A08425E00325B8D /* ZLSwipeableView.m */,
				09C2FF7F1BDE953F00339692 /* ZLSwipeableViewSwipeOptions.h */,
				09C2FF801BDE953F00339692 /* ZLSwipeableViewSwipeOptions.m */,
				09A35C231BDDDDF800F39193 /* ZLSwipeableViewMovement.h */,
				09A35C241BDDDDF800F39193 /* ZLSwipeableViewMovement.m */,
				09A35C1C1BDDDA3100F39193 /* Internal */,
			);
			name = ZLSwipeableView;
			path = ../../ZLSwipeableView;
			sourceTree = "<group>";
		};
		09A35C1C1BDDDA3100F39193 /* Internal */ = {
			isa = PBXGroup;
			children = (
				099CF6421BDD35B000D05FAA /* ViewManager.h */,
				099CF6431BDD35B000D05FAA /* ViewManager.m */,
				09A35C261BDDE6B300F39193 /* DefaultViewAnimator.h */,
				09A35C271BDDE6B300F39193 /* DefaultViewAnimator.m */,
				09A35C291BDDE70D00F39193 /* DefaultDirectionInterpretor.h */,
				09A35C2A1BDDE70D00F39193 /* DefaultDirectionInterpretor.m */,
				09A35C2C1BDDE71F00F39193 /* DefaultShouldSwipeDeterminator.h */,
				09A35C2D1BDDE71F00F39193 /* DefaultShouldSwipeDeterminator.m */,
				09A35C1D1BDDDA4900F39193 /* Scheduler.h */,
				09A35C1E1BDDDA4900F39193 /* Scheduler.m */,
				090141491A37FF7900435455 /* PanGestureRecognizer.h */,
				0901414A1A37FF7900435455 /* PanGestureRecognizer.m */,
				09A35C2F1BDDE74500F39193 /* Utils.h */,
				09A35C301BDDE74500F39193 /* Utils.m */,
			);
			name = Internal;
			sourceTree = "<group>";
		};
/* End PBXGroup section */

/* Begin PBXNativeTarget section */
		092F0F2D1A05B474007CDDCC /* ZLSwipeableViewDemo */ = {
			isa = PBXNativeTarget;
			buildConfigurationList = 092F0F511A05B474007CDDCC /* Build configuration list for PBXNativeTarget "ZLSwipeableViewDemo" */;
			buildPhases = (
				092F0F2A1A05B474007CDDCC /* Sources */,
				092F0F2B1A05B474007CDDCC /* Frameworks */,
				092F0F2C1A05B474007CDDCC /* Resources */,
			);
			buildRules = (
			);
			dependencies = (
			);
			name = ZLSwipeableViewDemo;
			productName = ZLSwipeableViewDemo;
			productReference = 092F0F2E1A05B474007CDDCC /* ZLSwipeableViewDemo.app */;
			productType = "com.apple.product-type.application";
		};
		092F0F461A05B474007CDDCC /* ZLSwipeableViewDemoTests */ = {
			isa = PBXNativeTarget;
			buildConfigurationList = 092F0F541A05B474007CDDCC /* Build configuration list for PBXNativeTarget "ZLSwipeableViewDemoTests" */;
			buildPhases = (
				092F0F431A05B474007CDDCC /* Sources */,
				092F0F441A05B474007CDDCC /* Frameworks */,
				092F0F451A05B474007CDDCC /* Resources */,
			);
			buildRules = (
			);
			dependencies = (
				092F0F491A05B474007CDDCC /* PBXTargetDependency */,
			);
			name = ZLSwipeableViewDemoTests;
			productName = ZLSwipeableViewDemoTests;
			productReference = 092F0F471A05B474007CDDCC /* ZLSwipeableViewDemoTests.xctest */;
			productType = "com.apple.product-type.bundle.unit-test";
		};
/* End PBXNativeTarget section */

/* Begin PBXProject section */
		092F0F261A05B474007CDDCC /* Project object */ = {
			isa = PBXProject;
			attributes = {
				LastUpgradeCheck = 0610;
				ORGANIZATIONNAME = "Zhixuan Lai";
				TargetAttributes = {
					092F0F2D1A05B474007CDDCC = {
						CreatedOnToolsVersion = 6.1;
					};
					092F0F461A05B474007CDDCC = {
						CreatedOnToolsVersion = 6.1;
						TestTargetID = 092F0F2D1A05B474007CDDCC;
					};
				};
			};
			buildConfigurationList = 092F0F291A05B474007CDDCC /* Build configuration list for PBXProject "ZLSwipeableViewDemo" */;
			compatibilityVersion = "Xcode 3.2";
			developmentRegion = English;
			hasScannedForEncodings = 0;
			knownRegions = (
				en,
				Base,
			);
			mainGroup = 092F0F251A05B474007CDDCC;
			productRefGroup = 092F0F2F1A05B474007CDDCC /* Products */;
			projectDirPath = "";
			projectRoot = "";
			targets = (
				092F0F2D1A05B474007CDDCC /* ZLSwipeableViewDemo */,
				092F0F461A05B474007CDDCC /* ZLSwipeableViewDemoTests */,
			);
		};
/* End PBXProject section */

/* Begin PBXResourcesBuildPhase section */
		092F0F2C1A05B474007CDDCC /* Resources */ = {
			isa = PBXResourcesBuildPhase;
			buildActionMask = 2147483647;
			files = (
				092F0F3D1A05B474007CDDCC /* Main.storyboard in Resources */,
				092F0F421A05B474007CDDCC /* LaunchScreen.xib in Resources */,
				0923646B1A59D90F009BC8B4 /* CardContentView.xib in Resources */,
				092F0F3F1A05B474007CDDCC /* Images.xcassets in Resources */,
			);
			runOnlyForDeploymentPostprocessing = 0;
		};
		092F0F451A05B474007CDDCC /* Resources */ = {
			isa = PBXResourcesBuildPhase;
			buildActionMask = 2147483647;
			files = (
			);
			runOnlyForDeploymentPostprocessing = 0;
		};
/* End PBXResourcesBuildPhase section */

/* Begin PBXSourcesBuildPhase section */
		092F0F2A1A05B474007CDDCC /* Sources */ = {
			isa = PBXSourcesBuildPhase;
			buildActionMask = 2147483647;
			files = (
				09C2FF841BDEAEA400339692 /* MenuTableViewController.m in Sources */,
				09A35C251BDDDDF800F39193 /* ZLSwipeableViewMovement.m in Sources */,
				093ED7311BDEC64F0028D0BC /* PreviousViewDemoViewController.m in Sources */,
				092F0F3A1A05B474007CDDCC /* ZLSwipeableViewController.m in Sources */,
				09A35C281BDDE6B300F39193 /* DefaultViewAnimator.m in Sources */,
				092F0F661A05C9CA007CDDCC /* UIColor+FlatColors.m in Sources */,
				09C2FF811BDE953F00339692 /* ZLSwipeableViewSwipeOptions.m in Sources */,
				09A35C2B1BDDE70D00F39193 /* DefaultDirectionInterpretor.m in Sources */,
				09A35C311BDDE74500F39193 /* Utils.m in Sources */,
				092F0F371A05B474007CDDCC /* AppDelegate.m in Sources */,
				0901414B1A37FF7900435455 /* PanGestureRecognizer.m in Sources */,
				093ED7281BDEC5580028D0BC /* CustomAnimationDemoViewController.m in Sources */,
				093ED72E1BDEC58D0028D0BC /* HistoryDemoViewController.m in Sources */,
				09A35C2E1BDDE71F00F39193 /* DefaultShouldSwipeDeterminator.m in Sources */,
				09A35C1F1BDDDA4900F39193 /* Scheduler.m in Sources */,
				092F0F341A05B474007CDDCC /* main.m in Sources */,
				092F0F691A05DAF9007CDDCC /* CardView.m in Sources */,
				099CF6441BDD35B000D05FAA /* ViewManager.m in Sources */,
				093ED72B1BDEC56E0028D0BC /* AllowedDirectionDemoViewController.m in Sources */,
				0971D4611A08425E00325B8D /* ZLSwipeableView.m in Sources */,
				093ED7341BDEC65F0028D0BC /* AlwaysSwipeDemoViewController.m in Sources */,
			);
			runOnlyForDeploymentPostprocessing = 0;
		};
		092F0F431A05B474007CDDCC /* Sources */ = {
			isa = PBXSourcesBuildPhase;
			buildActionMask = 2147483647;
			files = (
				092F0F4E1A05B474007CDDCC /* ZLSwipeableViewDemoTests.m in Sources */,
			);
			runOnlyForDeploymentPostprocessing = 0;
		};
/* End PBXSourcesBuildPhase section */

/* Begin PBXTargetDependency section */
		092F0F491A05B474007CDDCC /* PBXTargetDependency */ = {
			isa = PBXTargetDependency;
			target = 092F0F2D1A05B474007CDDCC /* ZLSwipeableViewDemo */;
			targetProxy = 092F0F481A05B474007CDDCC /* PBXContainerItemProxy */;
		};
/* End PBXTargetDependency section */

/* Begin PBXVariantGroup section */
		092F0F3B1A05B474007CDDCC /* Main.storyboard */ = {
			isa = PBXVariantGroup;
			children = (
				092F0F3C1A05B474007CDDCC /* Base */,
			);
			name = Main.storyboard;
			sourceTree = "<group>";
		};
		092F0F401A05B474007CDDCC /* LaunchScreen.xib */ = {
			isa = PBXVariantGroup;
			children = (
				092F0F411A05B474007CDDCC /* Base */,
			);
			name = LaunchScreen.xib;
			sourceTree = "<group>";
		};
/* End PBXVariantGroup section */

/* Begin XCBuildConfiguration section */
		092F0F4F1A05B474007CDDCC /* Debug */ = {
			isa = XCBuildConfiguration;
			buildSettings = {
				ALWAYS_SEARCH_USER_PATHS = NO;
				CLANG_CXX_LANGUAGE_STANDARD = "gnu++0x";
				CLANG_CXX_LIBRARY = "libc++";
				CLANG_ENABLE_MODULES = YES;
				CLANG_ENABLE_OBJC_ARC = YES;
				CLANG_WARN_BOOL_CONVERSION = YES;
				CLANG_WARN_CONSTANT_CONVERSION = YES;
				CLANG_WARN_DIRECT_OBJC_ISA_USAGE = YES_ERROR;
				CLANG_WARN_EMPTY_BODY = YES;
				CLANG_WARN_ENUM_CONVERSION = YES;
				CLANG_WARN_INT_CONVERSION = YES;
				CLANG_WARN_OBJC_ROOT_CLASS = YES_ERROR;
				CLANG_WARN_UNREACHABLE_CODE = YES;
				CLANG_WARN__DUPLICATE_METHOD_MATCH = YES;
				"CODE_SIGN_IDENTITY[sdk=iphoneos*]" = "iPhone Developer";
				COPY_PHASE_STRIP = NO;
				ENABLE_STRICT_OBJC_MSGSEND = YES;
				GCC_C_LANGUAGE_STANDARD = gnu99;
				GCC_DYNAMIC_NO_PIC = NO;
				GCC_OPTIMIZATION_LEVEL = 0;
				GCC_PREPROCESSOR_DEFINITIONS = (
					"DEBUG=1",
					"$(inherited)",
				);
				GCC_SYMBOLS_PRIVATE_EXTERN = NO;
				GCC_WARN_64_TO_32_BIT_CONVERSION = YES;
				GCC_WARN_ABOUT_RETURN_TYPE = YES_ERROR;
				GCC_WARN_UNDECLARED_SELECTOR = YES;
				GCC_WARN_UNINITIALIZED_AUTOS = YES_AGGRESSIVE;
				GCC_WARN_UNUSED_FUNCTION = YES;
				GCC_WARN_UNUSED_VARIABLE = YES;
				IPHONEOS_DEPLOYMENT_TARGET = 8.1;
				MTL_ENABLE_DEBUG_INFO = YES;
				ONLY_ACTIVE_ARCH = YES;
				SDKROOT = iphoneos;
			};
			name = Debug;
		};
		092F0F501A05B474007CDDCC /* Release */ = {
			isa = XCBuildConfiguration;
			buildSettings = {
				ALWAYS_SEARCH_USER_PATHS = NO;
				CLANG_CXX_LANGUAGE_STANDARD = "gnu++0x";
				CLANG_CXX_LIBRARY = "libc++";
				CLANG_ENABLE_MODULES = YES;
				CLANG_ENABLE_OBJC_ARC = YES;
				CLANG_WARN_BOOL_CONVERSION = YES;
				CLANG_WARN_CONSTANT_CONVERSION = YES;
				CLANG_WARN_DIRECT_OBJC_ISA_USAGE = YES_ERROR;
				CLANG_WARN_EMPTY_BODY = YES;
				CLANG_WARN_ENUM_CONVERSION = YES;
				CLANG_WARN_INT_CONVERSION = YES;
				CLANG_WARN_OBJC_ROOT_CLASS = YES_ERROR;
				CLANG_WARN_UNREACHABLE_CODE = YES;
				CLANG_WARN__DUPLICATE_METHOD_MATCH = YES;
				"CODE_SIGN_IDENTITY[sdk=iphoneos*]" = "iPhone Developer";
				COPY_PHASE_STRIP = YES;
				ENABLE_NS_ASSERTIONS = NO;
				ENABLE_STRICT_OBJC_MSGSEND = YES;
				GCC_C_LANGUAGE_STANDARD = gnu99;
				GCC_WARN_64_TO_32_BIT_CONVERSION = YES;
				GCC_WARN_ABOUT_RETURN_TYPE = YES_ERROR;
				GCC_WARN_UNDECLARED_SELECTOR = YES;
				GCC_WARN_UNINITIALIZED_AUTOS = YES_AGGRESSIVE;
				GCC_WARN_UNUSED_FUNCTION = YES;
				GCC_WARN_UNUSED_VARIABLE = YES;
				IPHONEOS_DEPLOYMENT_TARGET = 8.1;
				MTL_ENABLE_DEBUG_INFO = NO;
				SDKROOT = iphoneos;
				VALIDATE_PRODUCT = YES;
			};
			name = Release;
		};
		092F0F521A05B474007CDDCC /* Debug */ = {
			isa = XCBuildConfiguration;
			buildSettings = {
				ASSETCATALOG_COMPILER_APPICON_NAME = AppIcon;
				INFOPLIST_FILE = ZLSwipeableViewDemo/Info.plist;
				IPHONEOS_DEPLOYMENT_TARGET = 7.1;
				LD_RUNPATH_SEARCH_PATHS = "$(inherited) @executable_path/Frameworks";
				PRODUCT_NAME = "$(TARGET_NAME)";
				TARGETED_DEVICE_FAMILY = "1,2";
			};
			name = Debug;
		};
		092F0F531A05B474007CDDCC /* Release */ = {
			isa = XCBuildConfiguration;
			buildSettings = {
				ASSETCATALOG_COMPILER_APPICON_NAME = AppIcon;
				INFOPLIST_FILE = ZLSwipeableViewDemo/Info.plist;
				IPHONEOS_DEPLOYMENT_TARGET = 7.1;
				LD_RUNPATH_SEARCH_PATHS = "$(inherited) @executable_path/Frameworks";
				PRODUCT_NAME = "$(TARGET_NAME)";
				TARGETED_DEVICE_FAMILY = "1,2";
			};
			name = Release;
		};
		092F0F551A05B474007CDDCC /* Debug */ = {
			isa = XCBuildConfiguration;
			buildSettings = {
				BUNDLE_LOADER = "$(TEST_HOST)";
				FRAMEWORK_SEARCH_PATHS = (
					"$(SDKROOT)/Developer/Library/Frameworks",
					"$(inherited)",
				);
				GCC_PREPROCESSOR_DEFINITIONS = (
					"DEBUG=1",
					"$(inherited)",
				);
				INFOPLIST_FILE = ZLSwipeableViewDemoTests/Info.plist;
				LD_RUNPATH_SEARCH_PATHS = "$(inherited) @executable_path/Frameworks @loader_path/Frameworks";
				PRODUCT_NAME = "$(TARGET_NAME)";
				TEST_HOST = "$(BUILT_PRODUCTS_DIR)/ZLSwipeableViewDemo.app/ZLSwipeableViewDemo";
			};
			name = Debug;
		};
		092F0F561A05B474007CDDCC /* Release */ = {
			isa = XCBuildConfiguration;
			buildSettings = {
				BUNDLE_LOADER = "$(TEST_HOST)";
				FRAMEWORK_SEARCH_PATHS = (
					"$(SDKROOT)/Developer/Library/Frameworks",
					"$(inherited)",
				);
				INFOPLIST_FILE = ZLSwipeableViewDemoTests/Info.plist;
				LD_RUNPATH_SEARCH_PATHS = "$(inherited) @executable_path/Frameworks @loader_path/Frameworks";
				PRODUCT_NAME = "$(TARGET_NAME)";
				TEST_HOST = "$(BUILT_PRODUCTS_DIR)/ZLSwipeableViewDemo.app/ZLSwipeableViewDemo";
			};
			name = Release;
		};
/* End XCBuildConfiguration section */

/* Begin XCConfigurationList section */
		092F0F291A05B474007CDDCC /* Build configuration list for PBXProject "ZLSwipeableViewDemo" */ = {
			isa = XCConfigurationList;
			buildConfigurations = (
				092F0F4F1A05B474007CDDCC /* Debug */,
				092F0F501A05B474007CDDCC /* Release */,
			);
			defaultConfigurationIsVisible = 0;
			defaultConfigurationName = Release;
		};
		092F0F511A05B474007CDDCC /* Build configuration list for PBXNativeTarget "ZLSwipeableViewDemo" */ = {
			isa = XCConfigurationList;
			buildConfigurations = (
				092F0F521A05B474007CDDCC /* Debug */,
				092F0F531A05B474007CDDCC /* Release */,
			);
			defaultConfigurationIsVisible = 0;
			defaultConfigurationName = Release;
		};
		092F0F541A05B474007CDDCC /* Build configuration list for PBXNativeTarget "ZLSwipeableViewDemoTests" */ = {
			isa = XCConfigurationList;
			buildConfigurations = (
				092F0F551A05B474007CDDCC /* Debug */,
				092F0F561A05B474007CDDCC /* Release */,
			);
			defaultConfigurationIsVisible = 0;
			defaultConfigurationName = Release;
		};
/* End XCConfigurationList section */
	};
	rootObject = 092F0F261A05B474007CDDCC /* Project object */;
}
